
Microsoft Visual Studio Solution File, Format Version 12.00
# Visual Studio Version 16
VisualStudioVersion = 16.0.30523.141
MinimumVisualStudioVersion = 10.0.40219.1
Project("{8BC9CEB8-8B4A-11D0-8D11-00A0C91BC942}") = "Project_opp_3.6", "Project_opp_3.6\Project_opp_3.6.vcxproj", "{000256BA-CBF9-49A2-93A7-C65E10806741}"
EndProject
Global
	GlobalSection(SolutionConfigurationPlatforms) = preSolution
		Debug|x64 = Debug|x64
		Debug|x86 = Debug|x86
		Release|x64 = Release|x64
		Release|x86 = Release|x86
	EndGlobalSection
	GlobalSection(ProjectConfigurationPlatforms) = postSolution
		{000256BA-CBF9-49A2-93A7-C65E10806741}.Debug|x64.ActiveCfg = Debug|x64
		{000256BA-CBF9-49A2-93A7-C65E10806741}.Debug|x64.Build.0 = Debug|x64
		{000256BA-CBF9-49A2-93A7-C65E10806741}.Debug|x86.ActiveCfg = Debug|Win32
		{000256BA-CBF9-49A2-93A7-C65E10806741}.Debug|x86.Build.0 = Debug|Win32
		{000256BA-CBF9-49A2-93A7-C65E10806741}.Release|x64.ActiveCfg = Release|x64
		{000256BA-CBF9-49A2-93A7-C65E10806741}.Release|x64.Build.0 = Release|x64
		{000256BA-CBF9-49A2-93A7-C65E10806741}.Release|x86.ActiveCfg = Release|Win32
		{000256BA-CBF9-49A2-93A7-C65E10806741}.Release|x86.Build.0 = Release|Win32
	EndGlobalSection
	GlobalSection(SolutionProperties) = preSolution
		HideSolutionNode = FALSE
	EndGlobalSection
	GlobalSection(ExtensibilityGlobals) = postSolution
		SolutionGuid = {B80661F5-3DDD-4D37-8461-D5C5E4DD3772}
	EndGlobalSection
EndGlobal
